
Microsoft Visual Studio Solution File, Format Version 12.00
# Visual Studio Version 16
VisualStudioVersion = 16.0.30330.147
MinimumVisualStudioVersion = 10.0.40219.1
Project("{9A19103F-16F7-4668-BE54-9A1E7A4F7556}") = "Benchmarks", "Benchmarks\Benchmarks.csproj", "{A0D02C86-7FF7-4970-AA5E-647AD7445DCF}"
EndProject
Global
	GlobalSection(SolutionConfigurationPlatforms) = preSolution
		Debug|Any CPU = Debug|Any CPU
		Release|Any CPU = Release|Any CPU
	EndGlobalSection
	GlobalSection(ProjectConfigurationPlatforms) = postSolution
		{A0D02C86-7FF7-4970-AA5E-647AD7445DCF}.Debug|Any CPU.ActiveCfg = Debug|Any CPU
		{A0D02C86-7FF7-4970-AA5E-647AD7445DCF}.Debug|Any CPU.Build.0 = Debug|Any CPU
		{A0D02C86-7FF7-4970-AA5E-647AD7445DCF}.Release|Any CPU.ActiveCfg = Release|Any CPU
		{A0D02C86-7FF7-4970-AA5E-647AD7445DCF}.Release|Any CPU.Build.0 = Release|Any CPU
	EndGlobalSection
	GlobalSection(SolutionProperties) = preSolution
		HideSolutionNode = FALSE
	EndGlobalSection
	GlobalSection(ExtensibilityGlobals) = postSolution
		SolutionGuid = {69240068-7D24-4AC0-82B3-667B184A660D}
	EndGlobalSection
EndGlobal
