
Microsoft Visual Studio Solution File, Format Version 12.00
# Visual Studio Version 16
VisualStudioVersion = 16.0.30028.174
MinimumVisualStudioVersion = 10.0.40219.1
Project("{9A19103F-16F7-4668-BE54-9A1E7A4F7556}") = "RudolfKurka.StructPacker", "RudolfKurka.StructPacker\RudolfKurka.StructPacker.csproj", "{6CACE93F-DA85-4929-B746-66FFEBB7F8CC}"
EndProject
Project("{9A19103F-16F7-4668-BE54-9A1E7A4F7556}") = "RudolfKurka.StructPackerTools", "RudolfKurka.StructPackerTools\RudolfKurka.StructPackerTools.csproj", "{C610E538-4144-446A-8260-68184BF25C09}"
EndProject
Project("{2150E333-8FDC-42A3-9474-1A3956D46DE8}") = "Misc", "Misc", "{4CF7AFE1-20E6-495A-9CB4-F88B598EE898}"
	ProjectSection(SolutionItems) = preProject
		README.md = README.md
	EndProjectSection
EndProject
Project("{FAE04EC0-301F-11D3-BF4B-00C04F79EFBC}") = "Tests", "Tests\Tests.csproj", "{0A2D2945-807C-47E9-B6E7-21B7758BF91C}"
EndProject
Global
	GlobalSection(SolutionConfigurationPlatforms) = preSolution
		Debug|Any CPU = Debug|Any CPU
		Release|Any CPU = Release|Any CPU
	EndGlobalSection
	GlobalSection(ProjectConfigurationPlatforms) = postSolution
		{6CACE93F-DA85-4929-B746-66FFEBB7F8CC}.Debug|Any CPU.ActiveCfg = Debug|Any CPU
		{6CACE93F-DA85-4929-B746-66FFEBB7F8CC}.Debug|Any CPU.Build.0 = Debug|Any CPU
		{6CACE93F-DA85-4929-B746-66FFEBB7F8CC}.Release|Any CPU.ActiveCfg = Release|Any CPU
		{6CACE93F-DA85-4929-B746-66FFEBB7F8CC}.Release|Any CPU.Build.0 = Release|Any CPU
		{C610E538-4144-446A-8260-68184BF25C09}.Debug|Any CPU.ActiveCfg = Debug|Any CPU
		{C610E538-4144-446A-8260-68184BF25C09}.Debug|Any CPU.Build.0 = Debug|Any CPU
		{C610E538-4144-446A-8260-68184BF25C09}.Release|Any CPU.ActiveCfg = Release|Any CPU
		{C610E538-4144-446A-8260-68184BF25C09}.Release|Any CPU.Build.0 = Release|Any CPU
		{0A2D2945-807C-47E9-B6E7-21B7758BF91C}.Debug|Any CPU.ActiveCfg = Debug|Any CPU
		{0A2D2945-807C-47E9-B6E7-21B7758BF91C}.Debug|Any CPU.Build.0 = Debug|Any CPU
		{0A2D2945-807C-47E9-B6E7-21B7758BF91C}.Release|Any CPU.ActiveCfg = Release|Any CPU
		{0A2D2945-807C-47E9-B6E7-21B7758BF91C}.Release|Any CPU.Build.0 = Release|Any CPU
	EndGlobalSection
	GlobalSection(SolutionProperties) = preSolution
		HideSolutionNode = FALSE
	EndGlobalSection
	GlobalSection(ExtensibilityGlobals) = postSolution
		SolutionGuid = {F66D24DD-5C14-407B-817A-06C32F5BDB73}
	EndGlobalSection
EndGlobal
